
Microsoft Visual Studio Solution File, Format Version 12.00
# Visual Studio Version 16
VisualStudioVersion = 16.0.30309.148
MinimumVisualStudioVersion = 10.0.40219.1
Project("{8BC9CEB8-8B4A-11D0-8D11-00A0C91BC942}") = "Lisp 인터프리터", "Lisp 인터프리터\Lisp 인터프리터.vcxproj", "{B6A7C42C-AE7E-4341-9086-035DE54165DF}"
EndProject
Global
	GlobalSection(SolutionConfigurationPlatforms) = preSolution
		Debug|x64 = Debug|x64
		Debug|x86 = Debug|x86
		Release|x64 = Release|x64
		Release|x86 = Release|x86
	EndGlobalSection
	GlobalSection(ProjectConfigurationPlatforms) = postSolution
		{B6A7C42C-AE7E-4341-9086-035DE54165DF}.Debug|x64.ActiveCfg = Debug|x64
		{B6A7C42C-AE7E-4341-9086-035DE54165DF}.Debug|x64.Build.0 = Debug|x64
		{B6A7C42C-AE7E-4341-9086-035DE54165DF}.Debug|x86.ActiveCfg = Debug|Win32
		{B6A7C42C-AE7E-4341-9086-035DE54165DF}.Debug|x86.Build.0 = Debug|Win32
		{B6A7C42C-AE7E-4341-9086-035DE54165DF}.Release|x64.ActiveCfg = Release|x64
		{B6A7C42C-AE7E-4341-9086-035DE54165DF}.Release|x64.Build.0 = Release|x64
		{B6A7C42C-AE7E-4341-9086-035DE54165DF}.Release|x86.ActiveCfg = Release|Win32
		{B6A7C42C-AE7E-4341-9086-035DE54165DF}.Release|x86.Build.0 = Release|Win32
	EndGlobalSection
	GlobalSection(SolutionProperties) = preSolution
		HideSolutionNode = FALSE
	EndGlobalSection
	GlobalSection(ExtensibilityGlobals) = postSolution
		SolutionGuid = {BEB50624-4315-4F07-BFF8-4FB990488F75}
	EndGlobalSection
EndGlobal
