
Microsoft Visual Studio Solution File, Format Version 12.00
# Visual Studio 15
VisualStudioVersion = 15.0.28307.438
MinimumVisualStudioVersion = 10.0.40219.1
Project("{8BC9CEB8-8B4A-11D0-8D11-00A0C91BC942}") = "Lexical analyzer", "Lexical analyzer\Lexical analyzer.vcxproj", "{69CF5B4F-0907-429D-992A-A31A398A71FF}"
EndProject
Global
	GlobalSection(SolutionConfigurationPlatforms) = preSolution
		Debug|x64 = Debug|x64
		Debug|x86 = Debug|x86
		Release|x64 = Release|x64
		Release|x86 = Release|x86
	EndGlobalSection
	GlobalSection(ProjectConfigurationPlatforms) = postSolution
		{69CF5B4F-0907-429D-992A-A31A398A71FF}.Debug|x64.ActiveCfg = Debug|x64
		{69CF5B4F-0907-429D-992A-A31A398A71FF}.Debug|x64.Build.0 = Debug|x64
		{69CF5B4F-0907-429D-992A-A31A398A71FF}.Debug|x86.ActiveCfg = Debug|Win32
		{69CF5B4F-0907-429D-992A-A31A398A71FF}.Debug|x86.Build.0 = Debug|Win32
		{69CF5B4F-0907-429D-992A-A31A398A71FF}.Release|x64.ActiveCfg = Release|x64
		{69CF5B4F-0907-429D-992A-A31A398A71FF}.Release|x64.Build.0 = Release|x64
		{69CF5B4F-0907-429D-992A-A31A398A71FF}.Release|x86.ActiveCfg = Release|Win32
		{69CF5B4F-0907-429D-992A-A31A398A71FF}.Release|x86.Build.0 = Release|Win32
	EndGlobalSection
	GlobalSection(SolutionProperties) = preSolution
		HideSolutionNode = FALSE
	EndGlobalSection
	GlobalSection(ExtensibilityGlobals) = postSolution
		SolutionGuid = {5737D66B-5D63-44FE-A4F7-60851FF8A4EC}
	EndGlobalSection
EndGlobal
